
Microsoft Visual Studio Solution File, Format Version 12.00
# Visual Studio Version 16
VisualStudioVersion = 16.0.29424.173
MinimumVisualStudioVersion = 10.0.40219.1
Project("{8BC9CEB8-8B4A-11D0-8D11-00A0C91BC942}") = "LeHand", "BtProject\BtProject.vcxproj", "{B6227FA8-EA4B-40E9-9D11-B0E5441931A3}"
EndProject
Project("{8BC9CEB8-8B4A-11D0-8D11-00A0C91BC942}") = "Arduino Sketch", "Arduino Sketch\Arduino Sketch.vcxproj", "{C5F80730-F44F-4478-BDAE-6634EFC2CA88}"
EndProject
Project("{FAE04EC0-301F-11D3-BF4B-00C04F79EFBC}") = "LeHandUI", "LeHandUI\LeHandUI.csproj", "{99CB9C5F-C166-45EF-A9AA-FDF0CF766EAE}"
	ProjectSection(ProjectDependencies) = postProject
		{B6227FA8-EA4B-40E9-9D11-B0E5441931A3} = {B6227FA8-EA4B-40E9-9D11-B0E5441931A3}
	EndProjectSection
EndProject
Global
	GlobalSection(SolutionConfigurationPlatforms) = preSolution
		Debug|Any CPU = Debug|Any CPU
		Debug|ARM = Debug|ARM
		Debug|ARM64 = Debug|ARM64
		Debug|x64 = Debug|x64
		Debug|x86 = Debug|x86
		Release|Any CPU = Release|Any CPU
		Release|ARM = Release|ARM
		Release|ARM64 = Release|ARM64
		Release|x64 = Release|x64
		Release|x86 = Release|x86
	EndGlobalSection
	GlobalSection(ProjectConfigurationPlatforms) = postSolution
		{B6227FA8-EA4B-40E9-9D11-B0E5441931A3}.Debug|Any CPU.ActiveCfg = Debug|Win32
		{B6227FA8-EA4B-40E9-9D11-B0E5441931A3}.Debug|Any CPU.Build.0 = Debug|Win32
		{B6227FA8-EA4B-40E9-9D11-B0E5441931A3}.Debug|ARM.ActiveCfg = Debug|Win32
		{B6227FA8-EA4B-40E9-9D11-B0E5441931A3}.Debug|ARM64.ActiveCfg = Debug|Win32
		{B6227FA8-EA4B-40E9-9D11-B0E5441931A3}.Debug|x64.ActiveCfg = Debug|Win32
		{B6227FA8-EA4B-40E9-9D11-B0E5441931A3}.Debug|x64.Build.0 = Debug|Win32
		{B6227FA8-EA4B-40E9-9D11-B0E5441931A3}.Debug|x86.ActiveCfg = Debug|Win32
		{B6227FA8-EA4B-40E9-9D11-B0E5441931A3}.Debug|x86.Build.0 = Debug|Win32
		{B6227FA8-EA4B-40E9-9D11-B0E5441931A3}.Release|Any CPU.ActiveCfg = Release|Win32
		{B6227FA8-EA4B-40E9-9D11-B0E5441931A3}.Release|Any CPU.Build.0 = Release|Win32
		{B6227FA8-EA4B-40E9-9D11-B0E5441931A3}.Release|ARM.ActiveCfg = Release|Win32
		{B6227FA8-EA4B-40E9-9D11-B0E5441931A3}.Release|ARM64.ActiveCfg = Release|Win32
		{B6227FA8-EA4B-40E9-9D11-B0E5441931A3}.Release|x64.ActiveCfg = Release|Win32
		{B6227FA8-EA4B-40E9-9D11-B0E5441931A3}.Release|x64.Build.0 = Release|Win32
		{B6227FA8-EA4B-40E9-9D11-B0E5441931A3}.Release|x86.ActiveCfg = Release|Win32
		{B6227FA8-EA4B-40E9-9D11-B0E5441931A3}.Release|x86.Build.0 = Release|Win32
		{C5F80730-F44F-4478-BDAE-6634EFC2CA88}.Debug|Any CPU.ActiveCfg = Debug|Win32
		{C5F80730-F44F-4478-BDAE-6634EFC2CA88}.Debug|ARM.ActiveCfg = Debug|Win32
		{C5F80730-F44F-4478-BDAE-6634EFC2CA88}.Debug|ARM64.ActiveCfg = Debug|Win32
		{C5F80730-F44F-4478-BDAE-6634EFC2CA88}.Debug|x64.ActiveCfg = Debug|Win32
		{C5F80730-F44F-4478-BDAE-6634EFC2CA88}.Debug|x86.ActiveCfg = Debug|Win32
		{C5F80730-F44F-4478-BDAE-6634EFC2CA88}.Debug|x86.Build.0 = Debug|Win32
		{C5F80730-F44F-4478-BDAE-6634EFC2CA88}.Release|Any CPU.ActiveCfg = Release|Win32
		{C5F80730-F44F-4478-BDAE-6634EFC2CA88}.Release|ARM.ActiveCfg = Release|Win32
		{C5F80730-F44F-4478-BDAE-6634EFC2CA88}.Release|ARM64.ActiveCfg = Release|Win32
		{C5F80730-F44F-4478-BDAE-6634EFC2CA88}.Release|x64.ActiveCfg = Release|Win32
		{C5F80730-F44F-4478-BDAE-6634EFC2CA88}.Release|x86.ActiveCfg = Release|Win32
		{C5F80730-F44F-4478-BDAE-6634EFC2CA88}.Release|x86.Build.0 = Release|Win32
		{99CB9C5F-C166-45EF-A9AA-FDF0CF766EAE}.Debug|Any CPU.ActiveCfg = Debug|Any CPU
		{99CB9C5F-C166-45EF-A9AA-FDF0CF766EAE}.Debug|Any CPU.Build.0 = Debug|Any CPU
		{99CB9C5F-C166-45EF-A9AA-FDF0CF766EAE}.Debug|ARM.ActiveCfg = Debug|Any CPU
		{99CB9C5F-C166-45EF-A9AA-FDF0CF766EAE}.Debug|ARM.Build.0 = Debug|Any CPU
		{99CB9C5F-C166-45EF-A9AA-FDF0CF766EAE}.Debug|ARM64.ActiveCfg = Debug|Any CPU
		{99CB9C5F-C166-45EF-A9AA-FDF0CF766EAE}.Debug|ARM64.Build.0 = Debug|Any CPU
		{99CB9C5F-C166-45EF-A9AA-FDF0CF766EAE}.Debug|x64.ActiveCfg = Debug|Any CPU
		{99CB9C5F-C166-45EF-A9AA-FDF0CF766EAE}.Debug|x64.Build.0 = Debug|Any CPU
		{99CB9C5F-C166-45EF-A9AA-FDF0CF766EAE}.Debug|x86.ActiveCfg = Debug|Any CPU
		{99CB9C5F-C166-45EF-A9AA-FDF0CF766EAE}.Debug|x86.Build.0 = Debug|Any CPU
		{99CB9C5F-C166-45EF-A9AA-FDF0CF766EAE}.Release|Any CPU.ActiveCfg = Release|Any CPU
		{99CB9C5F-C166-45EF-A9AA-FDF0CF766EAE}.Release|Any CPU.Build.0 = Release|Any CPU
		{99CB9C5F-C166-45EF-A9AA-FDF0CF766EAE}.Release|ARM.ActiveCfg = Release|Any CPU
		{99CB9C5F-C166-45EF-A9AA-FDF0CF766EAE}.Release|ARM.Build.0 = Release|Any CPU
		{99CB9C5F-C166-45EF-A9AA-FDF0CF766EAE}.Release|ARM64.ActiveCfg = Release|Any CPU
		{99CB9C5F-C166-45EF-A9AA-FDF0CF766EAE}.Release|ARM64.Build.0 = Release|Any CPU
		{99CB9C5F-C166-45EF-A9AA-FDF0CF766EAE}.Release|x64.ActiveCfg = Release|Any CPU
		{99CB9C5F-C166-45EF-A9AA-FDF0CF766EAE}.Release|x64.Build.0 = Release|Any CPU
		{99CB9C5F-C166-45EF-A9AA-FDF0CF766EAE}.Release|x86.ActiveCfg = Release|Any CPU
		{99CB9C5F-C166-45EF-A9AA-FDF0CF766EAE}.Release|x86.Build.0 = Release|Any CPU
	EndGlobalSection
	GlobalSection(SolutionProperties) = preSolution
		HideSolutionNode = FALSE
	EndGlobalSection
	GlobalSection(ExtensibilityGlobals) = postSolution
		SolutionGuid = {4FB1EA31-1810-4F53-B055-CEB6D729106D}
	EndGlobalSection
EndGlobal
